// !$*UTF8*$!
{
	archiveVersion = 1;
	classes = {
	};
	objectVersion = 46;
	objects = {

/* Begin PBXBuildFile section */
		1027D8EAA94030C72549B892 /* Pods_Pokedex.framework in Frameworks */ = {isa = PBXBuildFile; fileRef = 196C3471DF6A9A668B9D032A /* Pods_Pokedex.framework */; };
		BA5714061E2BB99200D14992 /* AppDelegate.swift in Sources */ = {isa = PBXBuildFile; fileRef = BA5714051E2BB99200D14992 /* AppDelegate.swift */; };
		BA5714081E2BB99200D14992 /* MainVC.swift in Sources */ = {isa = PBXBuildFile; fileRef = BA5714071E2BB99200D14992 /* MainVC.swift */; };
		BA57140B1E2BB99200D14992 /* Main.storyboard in Resources */ = {isa = PBXBuildFile; fileRef = BA5714091E2BB99200D14992 /* Main.storyboard */; };
		BA57140D1E2BB99200D14992 /* Assets.xcassets in Resources */ = {isa = PBXBuildFile; fileRef = BA57140C1E2BB99200D14992 /* Assets.xcassets */; };
		BA5714101E2BB99200D14992 /* LaunchScreen.storyboard in Resources */ = {isa = PBXBuildFile; fileRef = BA57140E1E2BB99200D14992 /* LaunchScreen.storyboard */; };
		BA5714181E2BC4E500D14992 /* Constants.swift in Sources */ = {isa = PBXBuildFile; fileRef = BA5714171E2BC4E500D14992 /* Constants.swift */; };
/* End PBXBuildFile section */

/* Begin PBXFileReference section */
		196C3471DF6A9A668B9D032A /* Pods_Pokedex.framework */ = {isa = PBXFileReference; explicitFileType = wrapper.framework; includeInIndex = 0; path = Pods_Pokedex.framework; sourceTree = BUILT_PRODUCTS_DIR; };
		405F5AE57B179359201E8DF4 /* Pods-Pokedex.debug.xcconfig */ = {isa = PBXFileReference; includeInIndex = 1; lastKnownFileType = text.xcconfig; name = "Pods-Pokedex.debug.xcconfig"; path = "Pods/Target Support Files/Pods-Pokedex/Pods-Pokedex.debug.xcconfig"; sourceTree = "<group>"; };
		BA5714021E2BB99200D14992 /* Pokedex.app */ = {isa = PBXFileReference; explicitFileType = wrapper.application; includeInIndex = 0; path = Pokedex.app; sourceTree = BUILT_PRODUCTS_DIR; };
		BA5714051E2BB99200D14992 /* AppDelegate.swift */ = {isa = PBXFileReference; lastKnownFileType = sourcecode.swift; path = AppDelegate.swift; sourceTree = "<group>"; };
		BA5714071E2BB99200D14992 /* MainVC.swift */ = {isa = PBXFileReference; lastKnownFileType = sourcecode.swift; path = MainVC.swift; sourceTree = "<group>"; };
		BA57140A1E2BB99200D14992 /* Base */ = {isa = PBXFileReference; lastKnownFileType = file.storyboard; name = Base; path = Base.lproj/Main.storyboard; sourceTree = "<group>"; };
		BA57140C1E2BB99200D14992 /* Assets.xcassets */ = {isa = PBXFileReference; lastKnownFileType = folder.assetcatalog; path = Assets.xcassets; sourceTree = "<group>"; };
		BA57140F1E2BB99200D14992 /* Base */ = {isa = PBXFileReference; lastKnownFileType = file.storyboard; name = Base; path = Base.lproj/LaunchScreen.storyboard; sourceTree = "<group>"; };
		BA5714111E2BB99200D14992 /* Info.plist */ = {isa = PBXFileReference; lastKnownFileType = text.plist.xml; path = Info.plist; sourceTree = "<group>"; };
		BA5714171E2BC4E500D14992 /* Constants.swift */ = {isa = PBXFileReference; fileEncoding = 4; lastKnownFileType = sourcecode.swift; path = Constants.swift; sourceTree = "<group>"; };
		BB60F03A918B1EBBA9D774CC /* Pods-Pokedex.release.xcconfig */ = {isa = PBXFileReference; includeInIndex = 1; lastKnownFileType = text.xcconfig; name = "Pods-Pokedex.release.xcconfig"; path = "Pods/Target Support Files/Pods-Pokedex/Pods-Pokedex.release.xcconfig"; sourceTree = "<group>"; };
/* End PBXFileReference section */

/* Begin PBXFrameworksBuildPhase section */
		BA5713FF1E2BB99200D14992 /* Frameworks */ = {
			isa = PBXFrameworksBuildPhase;
			buildActionMask = 2147483647;
			files = (
				1027D8EAA94030C72549B892 /* Pods_Pokedex.framework in Frameworks */,
			);
			runOnlyForDeploymentPostprocessing = 0;
		};
/* End PBXFrameworksBuildPhase section */

/* Begin PBXGroup section */
		B1D47F12FBA244A9D9FE8163 /* Pods */ = {
			isa = PBXGroup;
			children = (
				405F5AE57B179359201E8DF4 /* Pods-Pokedex.debug.xcconfig */,
				BB60F03A918B1EBBA9D774CC /* Pods-Pokedex.release.xcconfig */,
			);
			name = Pods;
			sourceTree = "<group>";
		};
		BA5713F91E2BB99200D14992 = {
			isa = PBXGroup;
			children = (
				BA5714041E2BB99200D14992 /* Pokedex */,
				BA5714031E2BB99200D14992 /* Products */,
				B1D47F12FBA244A9D9FE8163 /* Pods */,
				D47119B8357F4FA55529E7F3 /* Frameworks */,
			);
			sourceTree = "<group>";
		};
		BA5714031E2BB99200D14992 /* Products */ = {
			isa = PBXGroup;
			children = (
				BA5714021E2BB99200D14992 /* Pokedex.app */,
			);
			name = Products;
			sourceTree = "<group>";
		};
		BA5714041E2BB99200D14992 /* Pokedex */ = {
			isa = PBXGroup;
			children = (
				BA5714051E2BB99200D14992 /* AppDelegate.swift */,
				BA5714071E2BB99200D14992 /* MainVC.swift */,
				BA5714091E2BB99200D14992 /* Main.storyboard */,
				BA57140C1E2BB99200D14992 /* Assets.xcassets */,
				BA57140E1E2BB99200D14992 /* LaunchScreen.storyboard */,
				BA5714111E2BB99200D14992 /* Info.plist */,
				BA5714171E2BC4E500D14992 /* Constants.swift */,
			);
			path = Pokedex;
			sourceTree = "<group>";
		};
		D47119B8357F4FA55529E7F3 /* Frameworks */ = {
			isa = PBXGroup;
			children = (
				196C3471DF6A9A668B9D032A /* Pods_Pokedex.framework */,
			);
			name = Frameworks;
			sourceTree = "<group>";
		};
/* End PBXGroup section */

/* Begin PBXNativeTarget section */
		BA5714011E2BB99200D14992 /* Pokedex */ = {
			isa = PBXNativeTarget;
			buildConfigurationList = BA5714141E2BB99200D14992 /* Build configuration list for PBXNativeTarget "Pokedex" */;
			buildPhases = (
				D241BC121F3073AD1FBAFD09 /* [CP] Check Pods Manifest.lock */,
				BA5713FE1E2BB99200D14992 /* Sources */,
				BA5713FF1E2BB99200D14992 /* Frameworks */,
				BA5714001E2BB99200D14992 /* Resources */,
				1F8FF6D2827242AE5D16D444 /* [CP] Embed Pods Frameworks */,
				B2C1A787EB16812CC90FD673 /* [CP] Copy Pods Resources */,
			);
			buildRules = (
			);
			dependencies = (
			);
			name = Pokedex;
			productName = Pokedex;
			productReference = BA5714021E2BB99200D14992 /* Pokedex.app */;
			productType = "com.apple.product-type.application";
		};
/* End PBXNativeTarget section */

/* Begin PBXProject section */
		BA5713FA1E2BB99200D14992 /* Project object */ = {
			isa = PBXProject;
			attributes = {
				LastSwiftUpdateCheck = 0800;
				LastUpgradeCheck = 0800;
				ORGANIZATIONNAME = "Mohau Loselo";
				TargetAttributes = {
					BA5714011E2BB99200D14992 = {
						CreatedOnToolsVersion = 8.0;
						DevelopmentTeam = SUWGGUMRDX;
						ProvisioningStyle = Automatic;
					};
				};
			};
			buildConfigurationList = BA5713FD1E2BB99200D14992 /* Build configuration list for PBXProject "Pokedex" */;
			compatibilityVersion = "Xcode 3.2";
			developmentRegion = English;
			hasScannedForEncodings = 0;
			knownRegions = (
				en,
				Base,
			);
			mainGroup = BA5713F91E2BB99200D14992;
			productRefGroup = BA5714031E2BB99200D14992 /* Products */;
			projectDirPath = "";
			projectRoot = "";
			targets = (
				BA5714011E2BB99200D14992 /* Pokedex */,
			);
		};
/* End PBXProject section */

/* Begin PBXResourcesBuildPhase section */
		BA5714001E2BB99200D14992 /* Resources */ = {
			isa = PBXResourcesBuildPhase;
			buildActionMask = 2147483647;
			files = (
				BA5714101E2BB99200D14992 /* LaunchScreen.storyboard in Resources */,
				BA57140D1E2BB99200D14992 /* Assets.xcassets in Resources */,
				BA57140B1E2BB99200D14992 /* Main.storyboard in Resources */,
			);
			runOnlyForDeploymentPostprocessing = 0;
		};
/* End PBXResourcesBuildPhase section */

/* Begin PBXShellScriptBuildPhase section */
		1F8FF6D2827242AE5D16D444 /* [CP] Embed Pods Frameworks */ = {
			isa = PBXShellScriptBuildPhase;
			buildActionMask = 2147483647;
			files = (
			);
			inputPaths = (
			);
			name = "[CP] Embed Pods Frameworks";
			outputPaths = (
			);
			runOnlyForDeploymentPostprocessing = 0;
			shellPath = /bin/sh;
			shellScript = "\"${SRCROOT}/Pods/Target Support Files/Pods-Pokedex/Pods-Pokedex-frameworks.sh\"\n";
			showEnvVarsInLog = 0;
		};
		B2C1A787EB16812CC90FD673 /* [CP] Copy Pods Resources */ = {
			isa = PBXShellScriptBuildPhase;
			buildActionMask = 2147483647;
			files = (
			);
			inputPaths = (
			);
			name = "[CP] Copy Pods Resources";
			outputPaths = (
			);
			runOnlyForDeploymentPostprocessing = 0;
			shellPath = /bin/sh;
			shellScript = "\"${SRCROOT}/Pods/Target Support Files/Pods-Pokedex/Pods-Pokedex-resources.sh\"\n";
			showEnvVarsInLog = 0;
		};
		D241BC121F3073AD1FBAFD09 /* [CP] Check Pods Manifest.lock */ = {
			isa = PBXShellScriptBuildPhase;
			buildActionMask = 2147483647;
			files = (
			);
			inputPaths = (
			);
			name = "[CP] Check Pods Manifest.lock";
			outputPaths = (
			);
			runOnlyForDeploymentPostprocessing = 0;
			shellPath = /bin/sh;
			shellScript = "diff \"${PODS_ROOT}/../Podfile.lock\" \"${PODS_ROOT}/Manifest.lock\" > /dev/null\nif [ $? != 0 ] ; then\n    # print error to STDERR\n    echo \"error: The sandbox is not in sync with the Podfile.lock. Run 'pod install' or update your CocoaPods installation.\" >&2\n    exit 1\nfi\n";
			showEnvVarsInLog = 0;
		};
/* End PBXShellScriptBuildPhase section */

/* Begin PBXSourcesBuildPhase section */
		BA5713FE1E2BB99200D14992 /* Sources */ = {
			isa = PBXSourcesBuildPhase;
			buildActionMask = 2147483647;
			files = (
				BA5714081E2BB99200D14992 /* MainVC.swift in Sources */,
				BA5714061E2BB99200D14992 /* AppDelegate.swift in Sources */,
				BA5714181E2BC4E500D14992 /* Constants.swift in Sources */,
			);
			runOnlyForDeploymentPostprocessing = 0;
		};
/* End PBXSourcesBuildPhase section */

/* Begin PBXVariantGroup section */
		BA5714091E2BB99200D14992 /* Main.storyboard */ = {
			isa = PBXVariantGroup;
			children = (
				BA57140A1E2BB99200D14992 /* Base */,
			);
			name = Main.storyboard;
			sourceTree = "<group>";
		};
		BA57140E1E2BB99200D14992 /* LaunchScreen.storyboard */ = {
			isa = PBXVariantGroup;
			children = (
				BA57140F1E2BB99200D14992 /* Base */,
			);
			name = LaunchScreen.storyboard;
			sourceTree = "<group>";
		};
/* End PBXVariantGroup section */

/* Begin XCBuildConfiguration section */
		BA5714121E2BB99200D14992 /* Debug */ = {
			isa = XCBuildConfiguration;
			buildSettings = {
				ALWAYS_SEARCH_USER_PATHS = NO;
				CLANG_ANALYZER_NONNULL = YES;
				CLANG_CXX_LANGUAGE_STANDARD = "gnu++0x";
				CLANG_CXX_LIBRARY = "libc++";
				CLANG_ENABLE_MODULES = YES;
				CLANG_ENABLE_OBJC_ARC = YES;
				CLANG_WARN_BOOL_CONVERSION = YES;
				CLANG_WARN_CONSTANT_CONVERSION = YES;
				CLANG_WARN_DIRECT_OBJC_ISA_USAGE = YES_ERROR;
				CLANG_WARN_DOCUMENTATION_COMMENTS = YES;
				CLANG_WARN_EMPTY_BODY = YES;
				CLANG_WARN_ENUM_CONVERSION = YES;
				CLANG_WARN_INFINITE_RECURSION = YES;
				CLANG_WARN_INT_CONVERSION = YES;
				CLANG_WARN_OBJC_ROOT_CLASS = YES_ERROR;
				CLANG_WARN_SUSPICIOUS_MOVES = YES;
				CLANG_WARN_UNREACHABLE_CODE = YES;
				CLANG_WARN__DUPLICATE_METHOD_MATCH = YES;
				"CODE_SIGN_IDENTITY[sdk=iphoneos*]" = "iPhone Developer";
				COPY_PHASE_STRIP = NO;
				DEBUG_INFORMATION_FORMAT = dwarf;
				ENABLE_STRICT_OBJC_MSGSEND = YES;
				ENABLE_TESTABILITY = YES;
				GCC_C_LANGUAGE_STANDARD = gnu99;
				GCC_DYNAMIC_NO_PIC = NO;
				GCC_NO_COMMON_BLOCKS = YES;
				GCC_OPTIMIZATION_LEVEL = 0;
				GCC_PREPROCESSOR_DEFINITIONS = (
					"DEBUG=1",
					"$(inherited)",
				);
				GCC_WARN_64_TO_32_BIT_CONVERSION = YES;
				GCC_WARN_ABOUT_RETURN_TYPE = YES_ERROR;
				GCC_WARN_UNDECLARED_SELECTOR = YES;
				GCC_WARN_UNINITIALIZED_AUTOS = YES_AGGRESSIVE;
				GCC_WARN_UNUSED_FUNCTION = YES;
				GCC_WARN_UNUSED_VARIABLE = YES;
				IPHONEOS_DEPLOYMENT_TARGET = 10.0;
				MTL_ENABLE_DEBUG_INFO = YES;
				ONLY_ACTIVE_ARCH = YES;
				SDKROOT = iphoneos;
				SWIFT_ACTIVE_COMPILATION_CONDITIONS = DEBUG;
				SWIFT_OPTIMIZATION_LEVEL = "-Onone";
				TARGETED_DEVICE_FAMILY = "1,2";
			};
			name = Debug;
		};
		BA5714131E2BB99200D14992 /* Release */ = {
			isa = XCBuildConfiguration;
			buildSettings = {
				ALWAYS_SEARCH_USER_PATHS = NO;
				CLANG_ANALYZER_NONNULL = YES;
				CLANG_CXX_LANGUAGE_STANDARD = "gnu++0x";
				CLANG_CXX_LIBRARY = "libc++";
				CLANG_ENABLE_MODULES = YES;
				CLANG_ENABLE_OBJC_ARC = YES;
				CLANG_WARN_BOOL_CONVERSION = YES;
				CLANG_WARN_CONSTANT_CONVERSION = YES;
				CLANG_WARN_DIRECT_OBJC_ISA_USAGE = YES_ERROR;
				CLANG_WARN_DOCUMENTATION_COMMENTS = YES;
				CLANG_WARN_EMPTY_BODY = YES;
				CLANG_WARN_ENUM_CONVERSION = YES;
				CLANG_WARN_INFINITE_RECURSION = YES;
				CLANG_WARN_INT_CONVERSION = YES;
				CLANG_WARN_OBJC_ROOT_CLASS = YES_ERROR;
				CLANG_WARN_SUSPICIOUS_MOVES = YES;
				CLANG_WARN_UNREACHABLE_CODE = YES;
				CLANG_WARN__DUPLICATE_METHOD_MATCH = YES;
				"CODE_SIGN_IDENTITY[sdk=iphoneos*]" = "iPhone Developer";
				COPY_PHASE_STRIP = NO;
				DEBUG_INFORMATION_FORMAT = "dwarf-with-dsym";
				ENABLE_NS_ASSERTIONS = NO;
				ENABLE_STRICT_OBJC_MSGSEND = YES;
				GCC_C_LANGUAGE_STANDARD = gnu99;
				GCC_NO_COMMON_BLOCKS = YES;
				GCC_WARN_64_TO_32_BIT_CONVERSION = YES;
				GCC_WARN_ABOUT_RETURN_TYPE = YES_ERROR;
				GCC_WARN_UNDECLARED_SELECTOR = YES;
				GCC_WARN_UNINITIALIZED_AUTOS = YES_AGGRESSIVE;
				GCC_WARN_UNUSED_FUNCTION = YES;
				GCC_WARN_UNUSED_VARIABLE = YES;
				IPHONEOS_DEPLOYMENT_TARGET = 10.0;
				MTL_ENABLE_DEBUG_INFO = NO;
				SDKROOT = iphoneos;
				SWIFT_OPTIMIZATION_LEVEL = "-Owholemodule";
				TARGETED_DEVICE_FAMILY = "1,2";
				VALIDATE_PRODUCT = YES;
			};
			name = Release;
		};
		BA5714151E2BB99200D14992 /* Debug */ = {
			isa = XCBuildConfiguration;
			baseConfigurationReference = 405F5AE57B179359201E8DF4 /* Pods-Pokedex.debug.xcconfig */;
			buildSettings = {
				ASSETCATALOG_COMPILER_APPICON_NAME = AppIcon;
				DEVELOPMENT_TEAM = SUWGGUMRDX;
				INFOPLIST_FILE = Pokedex/Info.plist;
				LD_RUNPATH_SEARCH_PATHS = "$(inherited) @executable_path/Frameworks";
				PRODUCT_BUNDLE_IDENTIFIER = "com.mo-tech.HelloWorld.Pokedex";
				PRODUCT_NAME = "$(TARGET_NAME)";
				SWIFT_VERSION = 3.0;
			};
			name = Debug;
		};
		BA5714161E2BB99200D14992 /* Release */ = {
			isa = XCBuildConfiguration;
			baseConfigurationReference = BB60F03A918B1EBBA9D774CC /* Pods-Pokedex.release.xcconfig */;
			buildSettings = {
				ASSETCATALOG_COMPILER_APPICON_NAME = AppIcon;
				DEVELOPMENT_TEAM = SUWGGUMRDX;
				INFOPLIST_FILE = Pokedex/Info.plist;
				LD_RUNPATH_SEARCH_PATHS = "$(inherited) @executable_path/Frameworks";
				PRODUCT_BUNDLE_IDENTIFIER = "com.mo-tech.HelloWorld.Pokedex";
				PRODUCT_NAME = "$(TARGET_NAME)";
				SWIFT_VERSION = 3.0;
			};
			name = Release;
		};
/* End XCBuildConfiguration section */

/* Begin XCConfigurationList section */
		BA5713FD1E2BB99200D14992 /* Build configuration list for PBXProject "Pokedex" */ = {
			isa = XCConfigurationList;
			buildConfigurations = (
				BA5714121E2BB99200D14992 /* Debug */,
				BA5714131E2BB99200D14992 /* Release */,
			);
			defaultConfigurationIsVisible = 0;
			defaultConfigurationName = Release;
		};
		BA5714141E2BB99200D14992 /* Build configuration list for PBXNativeTarget "Pokedex" */ = {
			isa = XCConfigurationList;
			buildConfigurations = (
				BA5714151E2BB99200D14992 /* Debug */,
				BA5714161E2BB99200D14992 /* Release */,
			);
			defaultConfigurationIsVisible = 0;
			defaultConfigurationName = Release;
		};
/* End XCConfigurationList section */
	};
	rootObject = BA5713FA1E2BB99200D14992 /* Project object */;
}
